Microsoft Visual Studio Solution File, Format Version 9.00
# Visual Studio 2005
Project("{8BC9CEB8-8B4A-11D0-8D11-00A0C91BC942}") = "DVREngine", "DVREngine\trunk\DVREngine.vcproj", "{37D44F7A-0317-47C9-8AEF-2B41512B034E}"
	ProjectSection(ProjectDependencies) = postProject
		{339E8209-D198-412E-8A5C-22646786BD60} = {339E8209-D198-412E-8A5C-22646786BD60}
		{67BA750A-0CF1-4DA4-A9BB-D8CB87ADB9DB} = {67BA750A-0CF1-4DA4-A9BB-D8CB87ADB9DB}
		{66EA8461-489B-4805-A0D7-E708E9DFF854} = {66EA8461-489B-4805-A0D7-E708E9DFF854}
		{4D1B1264-9D03-467A-8187-4B66CE08BF6D} = {4D1B1264-9D03-467A-8187-4B66CE08BF6D}
	EndProjectSection
EndProject
Project("{8BC9CEB8-8B4A-11D0-8D11-00A0C91BC942}") = "DVRClient", "DVRClient\trunk\DVRClient.vcproj", "{845BF3F0-C005-461A-8BD5-FEE27D625AEF}"
	ProjectSection(ProjectDependencies) = postProject
		{339E8209-D198-412E-8A5C-22646786BD60} = {339E8209-D198-412E-8A5C-22646786BD60}
		{4D1B1264-9D03-467A-8187-4B66CE08BF6D} = {4D1B1264-9D03-467A-8187-4B66CE08BF6D}
		{37D44F7A-0317-47C9-8AEF-2B41512B034E} = {37D44F7A-0317-47C9-8AEF-2B41512B034E}
		{70A78B97-9589-4E23-ACF3-A7FE2F2F1F3E} = {70A78B97-9589-4E23-ACF3-A7FE2F2F1F3E}
		{477E09D3-CF34-4C27-82BD-1F7F0F3CC2ED} = {477E09D3-CF34-4C27-82BD-1F7F0F3CC2ED}
	EndProjectSection
EndProject
Project("{8BC9CEB8-8B4A-11D0-8D11-00A0C91BC942}") = "DVRDBBridge", "DVRDBBridge\trunk\DVRDBBridge.vcproj", "{339E8209-D198-412E-8A5C-22646786BD60}"
EndProject
Project("{8BC9CEB8-8B4A-11D0-8D11-00A0C91BC942}") = "OGLRender", "DVRRender\trunk\OGLRender\OGLRender.vcproj", "{477E09D3-CF34-4C27-82BD-1F7F0F3CC2ED}"
	ProjectSection(ProjectDependencies) = postProject
		{70A78B97-9589-4E23-ACF3-A7FE2F2F1F3E} = {70A78B97-9589-4E23-ACF3-A7FE2F2F1F3E}
	EndProjectSection
EndProject
Project("{8BC9CEB8-8B4A-11D0-8D11-00A0C91BC942}") = "DVRBackup", "DVRBackup\trunk\DVRBackup.vcproj", "{67BA750A-0CF1-4DA4-A9BB-D8CB87ADB9DB}"
	ProjectSection(ProjectDependencies) = postProject
		{70A78B97-9589-4E23-ACF3-A7FE2F2F1F3E} = {70A78B97-9589-4E23-ACF3-A7FE2F2F1F3E}
	EndProjectSection
EndProject
Project("{8BC9CEB8-8B4A-11D0-8D11-00A0C91BC942}") = "Video Sub-system", "chcsva\trunk\chcsva.vcproj", "{4D1B1264-9D03-467A-8187-4B66CE08BF6D}"
	ProjectSection(ProjectDependencies) = postProject
		{BCBF187F-49BC-450A-A05D-6B81DC23BF6F} = {BCBF187F-49BC-450A-A05D-6B81DC23BF6F}
	EndProjectSection
EndProject
Project("{8BC9CEB8-8B4A-11D0-8D11-00A0C91BC942}") = "dvralgo1", "DVRAlgo\trunk\DVRAlgo1\dvralgo1.vcproj", "{66EA8461-489B-4805-A0D7-E708E9DFF854}"
EndProject
Project("{8BC9CEB8-8B4A-11D0-8D11-00A0C91BC942}") = "ElveesTools", "..\..\CommonLibs\HEAD\ElveesTools\trunk\ElveesTools80.vcproj", "{BCBF187F-49BC-450A-A05D-6B81DC23BF6F}"
EndProject
Project("{8BC9CEB8-8B4A-11D0-8D11-00A0C91BC942}") = "InstallHelper", "InstallHelper\trunk\InstallHelper.vcproj", "{9BF0944D-6CD2-42DD-96CC-E1B2621F2CE0}"
	ProjectSection(ProjectDependencies) = postProject
		{37D44F7A-0317-47C9-8AEF-2B41512B034E} = {37D44F7A-0317-47C9-8AEF-2B41512B034E}
		{BCBF187F-49BC-450A-A05D-6B81DC23BF6F} = {BCBF187F-49BC-450A-A05D-6B81DC23BF6F}
	EndProjectSection
EndProject
Project("{8BC9CEB8-8B4A-11D0-8D11-00A0C91BC942}") = "InstallHelperTest", "InstallHelper\trunk\InstallHelperTest\InstallHelperTest.vcproj", "{5CBB7345-90A0-4F87-9CC9-89FD8AEF361C}"
	ProjectSection(ProjectDependencies) = postProject
		{9BF0944D-6CD2-42DD-96CC-E1B2621F2CE0} = {9BF0944D-6CD2-42DD-96CC-E1B2621F2CE0}
	EndProjectSection
EndProject
Project("{8BC9CEB8-8B4A-11D0-8D11-00A0C91BC942}") = "DVRLauncher", "DVRLauncher\trunk\DVRLauncher.vcproj", "{8CB3C9D4-1A36-4A0D-833D-6569A58C80E4}"
	ProjectSection(ProjectDependencies) = postProject
		{37D44F7A-0317-47C9-8AEF-2B41512B034E} = {37D44F7A-0317-47C9-8AEF-2B41512B034E}
	EndProjectSection
EndProject
Project("{8BC9CEB8-8B4A-11D0-8D11-00A0C91BC942}") = "wxWidgets-2.7.0", "3rd_party\wxWidgets-2.7.0\wxWidgets-2.7.0.vcproj", "{70A78B97-9589-4E23-ACF3-A7FE2F2F1F3E}"
EndProject
Global
	GlobalSection(SolutionConfigurationPlatforms) = preSolution
		Debug Total|Win32 = Debug Total|Win32
		Debug|Win32 = Debug|Win32
		Release Total|Win32 = Release Total|Win32
		Release|Win32 = Release|Win32
	EndGlobalSection
	GlobalSection(ProjectConfigurationPlatforms) = postSolution
		{37D44F7A-0317-47C9-8AEF-2B41512B034E}.Debug Total|Win32.ActiveCfg = Debug|Win32
		{37D44F7A-0317-47C9-8AEF-2B41512B034E}.Debug Total|Win32.Build.0 = Debug|Win32
		{37D44F7A-0317-47C9-8AEF-2B41512B034E}.Debug|Win32.ActiveCfg = Debug|Win32
		{37D44F7A-0317-47C9-8AEF-2B41512B034E}.Debug|Win32.Build.0 = Debug|Win32
		{37D44F7A-0317-47C9-8AEF-2B41512B034E}.Release Total|Win32.ActiveCfg = Release|Win32
		{37D44F7A-0317-47C9-8AEF-2B41512B034E}.Release Total|Win32.Build.0 = Release|Win32
		{37D44F7A-0317-47C9-8AEF-2B41512B034E}.Release|Win32.ActiveCfg = Release|Win32
		{37D44F7A-0317-47C9-8AEF-2B41512B034E}.Release|Win32.Build.0 = Release|Win32
		{845BF3F0-C005-461A-8BD5-FEE27D625AEF}.Debug Total|Win32.ActiveCfg = Debug|Win32
		{845BF3F0-C005-461A-8BD5-FEE27D625AEF}.Debug Total|Win32.Build.0 = Debug|Win32
		{845BF3F0-C005-461A-8BD5-FEE27D625AEF}.Debug|Win32.ActiveCfg = Debug|Win32
		{845BF3F0-C005-461A-8BD5-FEE27D625AEF}.Debug|Win32.Build.0 = Debug|Win32
		{845BF3F0-C005-461A-8BD5-FEE27D625AEF}.Release Total|Win32.ActiveCfg = Release|Win32
		{845BF3F0-C005-461A-8BD5-FEE27D625AEF}.Release Total|Win32.Build.0 = Release|Win32
		{845BF3F0-C005-461A-8BD5-FEE27D625AEF}.Release|Win32.ActiveCfg = Release|Win32
		{845BF3F0-C005-461A-8BD5-FEE27D625AEF}.Release|Win32.Build.0 = Release|Win32
		{339E8209-D198-412E-8A5C-22646786BD60}.Debug Total|Win32.ActiveCfg = Debug|Win32
		{339E8209-D198-412E-8A5C-22646786BD60}.Debug Total|Win32.Build.0 = Debug|Win32
		{339E8209-D198-412E-8A5C-22646786BD60}.Debug|Win32.ActiveCfg = Debug|Win32
		{339E8209-D198-412E-8A5C-22646786BD60}.Debug|Win32.Build.0 = Debug|Win32
		{339E8209-D198-412E-8A5C-22646786BD60}.Release Total|Win32.ActiveCfg = Release|Win32
		{339E8209-D198-412E-8A5C-22646786BD60}.Release Total|Win32.Build.0 = Release|Win32
		{339E8209-D198-412E-8A5C-22646786BD60}.Release|Win32.ActiveCfg = Release|Win32
		{339E8209-D198-412E-8A5C-22646786BD60}.Release|Win32.Build.0 = Release|Win32
		{477E09D3-CF34-4C27-82BD-1F7F0F3CC2ED}.Debug Total|Win32.ActiveCfg = Debug|Win32
		{477E09D3-CF34-4C27-82BD-1F7F0F3CC2ED}.Debug Total|Win32.Build.0 = Debug|Win32
		{477E09D3-CF34-4C27-82BD-1F7F0F3CC2ED}.Debug|Win32.ActiveCfg = Debug|Win32
		{477E09D3-CF34-4C27-82BD-1F7F0F3CC2ED}.Debug|Win32.Build.0 = Debug|Win32
		{477E09D3-CF34-4C27-82BD-1F7F0F3CC2ED}.Release Total|Win32.ActiveCfg = Release|Win32
		{477E09D3-CF34-4C27-82BD-1F7F0F3CC2ED}.Release Total|Win32.Build.0 = Release|Win32
		{477E09D3-CF34-4C27-82BD-1F7F0F3CC2ED}.Release|Win32.ActiveCfg = Release|Win32
		{477E09D3-CF34-4C27-82BD-1F7F0F3CC2ED}.Release|Win32.Build.0 = Release|Win32
		{67BA750A-0CF1-4DA4-A9BB-D8CB87ADB9DB}.Debug Total|Win32.ActiveCfg = Debug|Win32
		{67BA750A-0CF1-4DA4-A9BB-D8CB87ADB9DB}.Debug Total|Win32.Build.0 = Debug|Win32
		{67BA750A-0CF1-4DA4-A9BB-D8CB87ADB9DB}.Debug|Win32.ActiveCfg = Debug|Win32
		{67BA750A-0CF1-4DA4-A9BB-D8CB87ADB9DB}.Debug|Win32.Build.0 = Debug|Win32
		{67BA750A-0CF1-4DA4-A9BB-D8CB87ADB9DB}.Release Total|Win32.ActiveCfg = Release|Win32
		{67BA750A-0CF1-4DA4-A9BB-D8CB87ADB9DB}.Release Total|Win32.Build.0 = Release|Win32
		{67BA750A-0CF1-4DA4-A9BB-D8CB87ADB9DB}.Release|Win32.ActiveCfg = Release|Win32
		{67BA750A-0CF1-4DA4-A9BB-D8CB87ADB9DB}.Release|Win32.Build.0 = Release|Win32
		{4D1B1264-9D03-467A-8187-4B66CE08BF6D}.Debug Total|Win32.ActiveCfg = Debug|Win32
		{4D1B1264-9D03-467A-8187-4B66CE08BF6D}.Debug Total|Win32.Build.0 = Debug|Win32
		{4D1B1264-9D03-467A-8187-4B66CE08BF6D}.Debug|Win32.ActiveCfg = Debug|Win32
		{4D1B1264-9D03-467A-8187-4B66CE08BF6D}.Debug|Win32.Build.0 = Debug|Win32
		{4D1B1264-9D03-467A-8187-4B66CE08BF6D}.Release Total|Win32.ActiveCfg = Release|Win32
		{4D1B1264-9D03-467A-8187-4B66CE08BF6D}.Release Total|Win32.Build.0 = Release|Win32
		{4D1B1264-9D03-467A-8187-4B66CE08BF6D}.Release|Win32.ActiveCfg = Release|Win32
		{4D1B1264-9D03-467A-8187-4B66CE08BF6D}.Release|Win32.Build.0 = Release|Win32
		{66EA8461-489B-4805-A0D7-E708E9DFF854}.Debug Total|Win32.ActiveCfg = Debug|Win32
		{66EA8461-489B-4805-A0D7-E708E9DFF854}.Debug Total|Win32.Build.0 = Debug|Win32
		{66EA8461-489B-4805-A0D7-E708E9DFF854}.Debug|Win32.ActiveCfg = Debug|Win32
		{66EA8461-489B-4805-A0D7-E708E9DFF854}.Debug|Win32.Build.0 = Debug|Win32
		{66EA8461-489B-4805-A0D7-E708E9DFF854}.Release Total|Win32.ActiveCfg = Release|Win32
		{66EA8461-489B-4805-A0D7-E708E9DFF854}.Release Total|Win32.Build.0 = Release|Win32
		{66EA8461-489B-4805-A0D7-E708E9DFF854}.Release|Win32.ActiveCfg = Release|Win32
		{66EA8461-489B-4805-A0D7-E708E9DFF854}.Release|Win32.Build.0 = Release|Win32
		{BCBF187F-49BC-450A-A05D-6B81DC23BF6F}.Debug Total|Win32.ActiveCfg = Debug|Win32
		{BCBF187F-49BC-450A-A05D-6B81DC23BF6F}.Debug Total|Win32.Build.0 = Debug|Win32
		{BCBF187F-49BC-450A-A05D-6B81DC23BF6F}.Debug|Win32.ActiveCfg = Debug|Win32
		{BCBF187F-49BC-450A-A05D-6B81DC23BF6F}.Debug|Win32.Build.0 = Debug|Win32
		{BCBF187F-49BC-450A-A05D-6B81DC23BF6F}.Release Total|Win32.ActiveCfg = Release|Win32
		{BCBF187F-49BC-450A-A05D-6B81DC23BF6F}.Release Total|Win32.Build.0 = Release|Win32
		{BCBF187F-49BC-450A-A05D-6B81DC23BF6F}.Release|Win32.ActiveCfg = Release|Win32
		{BCBF187F-49BC-450A-A05D-6B81DC23BF6F}.Release|Win32.Build.0 = Release|Win32
		{9BF0944D-6CD2-42DD-96CC-E1B2621F2CE0}.Debug Total|Win32.ActiveCfg = Debug|Win32
		{9BF0944D-6CD2-42DD-96CC-E1B2621F2CE0}.Debug Total|Win32.Build.0 = Debug|Win32
		{9BF0944D-6CD2-42DD-96CC-E1B2621F2CE0}.Debug|Win32.ActiveCfg = Debug|Win32
		{9BF0944D-6CD2-42DD-96CC-E1B2621F2CE0}.Debug|Win32.Build.0 = Debug|Win32
		{9BF0944D-6CD2-42DD-96CC-E1B2621F2CE0}.Release Total|Win32.ActiveCfg = Release|Win32
		{9BF0944D-6CD2-42DD-96CC-E1B2621F2CE0}.Release Total|Win32.Build.0 = Release|Win32
		{9BF0944D-6CD2-42DD-96CC-E1B2621F2CE0}.Release|Win32.ActiveCfg = Release|Win32
		{9BF0944D-6CD2-42DD-96CC-E1B2621F2CE0}.Release|Win32.Build.0 = Release|Win32
		{5CBB7345-90A0-4F87-9CC9-89FD8AEF361C}.Debug Total|Win32.ActiveCfg = Debug|Win32
		{5CBB7345-90A0-4F87-9CC9-89FD8AEF361C}.Debug Total|Win32.Build.0 = Debug|Win32
		{5CBB7345-90A0-4F87-9CC9-89FD8AEF361C}.Debug|Win32.ActiveCfg = Debug|Win32
		{5CBB7345-90A0-4F87-9CC9-89FD8AEF361C}.Debug|Win32.Build.0 = Debug|Win32
		{5CBB7345-90A0-4F87-9CC9-89FD8AEF361C}.Release Total|Win32.ActiveCfg = Release|Win32
		{5CBB7345-90A0-4F87-9CC9-89FD8AEF361C}.Release Total|Win32.Build.0 = Release|Win32
		{5CBB7345-90A0-4F87-9CC9-89FD8AEF361C}.Release|Win32.ActiveCfg = Release|Win32
		{5CBB7345-90A0-4F87-9CC9-89FD8AEF361C}.Release|Win32.Build.0 = Release|Win32
		{8CB3C9D4-1A36-4A0D-833D-6569A58C80E4}.Debug Total|Win32.ActiveCfg = Unicode Debug|Win32
		{8CB3C9D4-1A36-4A0D-833D-6569A58C80E4}.Debug Total|Win32.Build.0 = Unicode Debug|Win32
		{8CB3C9D4-1A36-4A0D-833D-6569A58C80E4}.Debug|Win32.ActiveCfg = Unicode Debug|Win32
		{8CB3C9D4-1A36-4A0D-833D-6569A58C80E4}.Debug|Win32.Build.0 = Unicode Debug|Win32
		{8CB3C9D4-1A36-4A0D-833D-6569A58C80E4}.Release Total|Win32.ActiveCfg = Unicode Release|Win32
		{8CB3C9D4-1A36-4A0D-833D-6569A58C80E4}.Release Total|Win32.Build.0 = Unicode Release|Win32
		{8CB3C9D4-1A36-4A0D-833D-6569A58C80E4}.Release|Win32.ActiveCfg = Unicode Release|Win32
		{8CB3C9D4-1A36-4A0D-833D-6569A58C80E4}.Release|Win32.Build.0 = Unicode Release|Win32
		{70A78B97-9589-4E23-ACF3-A7FE2F2F1F3E}.Debug Total|Win32.ActiveCfg = Debug|Win32
		{70A78B97-9589-4E23-ACF3-A7FE2F2F1F3E}.Debug Total|Win32.Build.0 = Debug|Win32
		{70A78B97-9589-4E23-ACF3-A7FE2F2F1F3E}.Debug|Win32.ActiveCfg = Debug|Win32
		{70A78B97-9589-4E23-ACF3-A7FE2F2F1F3E}.Release Total|Win32.ActiveCfg = Release|Win32
		{70A78B97-9589-4E23-ACF3-A7FE2F2F1F3E}.Release Total|Win32.Build.0 = Release|Win32
		{70A78B97-9589-4E23-ACF3-A7FE2F2F1F3E}.Release|Win32.ActiveCfg = Release|Win32
	EndGlobalSection
	GlobalSection(SolutionProperties) = preSolution
		HideSolutionNode = FALSE
	EndGlobalSection
	GlobalSection(DPCodeReviewSolutionGUID) = preSolution
		DPCodeReviewSolutionGUID = {00000000-0000-0000-0000-000000000000}
	EndGlobalSection
EndGlobal
