Microsoft Visual Studio Solution File, Format Version 9.00
# Visual Studio 2005
Project("{8BC9CEB8-8B4A-11D0-8D11-00A0C91BC942}") = "VideoServer", "VideoServer.vcproj", "{88049815-94AC-4FC5-AC3E-903DDD01175B}"
EndProject
Global
	GlobalSection(DPCodeReviewSolutionGUID) = preSolution
		DPCodeReviewSolutionGUID = {00000000-0000-0000-0000-000000000000}
	EndGlobalSection
	GlobalSection(SolutionConfigurationPlatforms) = preSolution
		Debug|Win32 = Debug|Win32
		Release|Win32 = Release|Win32
	EndGlobalSection
	GlobalSection(ProjectConfigurationPlatforms) = postSolution
		{88049815-94AC-4FC5-AC3E-903DDD01175B}.Debug|Win32.ActiveCfg = Debug|Win32
		{88049815-94AC-4FC5-AC3E-903DDD01175B}.Debug|Win32.Build.0 = Debug|Win32
		{88049815-94AC-4FC5-AC3E-903DDD01175B}.Release|Win32.ActiveCfg = Release|Win32
		{88049815-94AC-4FC5-AC3E-903DDD01175B}.Release|Win32.Build.0 = Release|Win32
	EndGlobalSection
	GlobalSection(SolutionProperties) = preSolution
		HideSolutionNode = FALSE
	EndGlobalSection
EndGlobal
