<?xml version="1.0" encoding="utf-8"?>
<Project ToolsVersion="4.0" xmlns="http://schemas.microsoft.com/developer/msbuild/2003">
  <ItemGroup>
    <Filter Include="Source Files">
      <UniqueIdentifier>{4FC737F1-C7A5-4376-A066-2A32D752A2FF}</UniqueIdentifier>
      <Extensions>cpp;c;cc;cxx;def;odl;idl;hpj;bat;asm;asmx</Extensions>
    </Filter>
    <Filter Include="Header Files">
      <UniqueIdentifier>{93995380-89BD-4b04-88EB-625FBE52EBFB}</UniqueIdentifier>
      <Extensions>h;hpp;hxx;hm;inl;inc;xsd</Extensions>
    </Filter>
    <Filter Include="Resource Files">
      <UniqueIdentifier>{67DA6AB6-F800-4c08-8B7A-83BB121AAD01}</UniqueIdentifier>
      <Extensions>rc;ico;cur;bmp;dlg;rc2;rct;bin;rgs;gif;jpg;jpeg;jpe;resx;tiff;tif;png;wav</Extensions>
    </Filter>
    <Filter Include="interface">
      <UniqueIdentifier>{9bad27dc-3aca-4c91-8f78-1d8c58e9fba6}</UniqueIdentifier>
    </Filter>
  </ItemGroup>
  <ItemGroup>
    <ClCompile Include="InstallHelper.cpp">
      <Filter>Source Files</Filter>
    </ClCompile>
    <ClCompile Include="stdafx.cpp">
      <Filter>Source Files</Filter>
    </ClCompile>
    <ClCompile Include="interface\FrameRender.cpp">
      <Filter>interface</Filter>
    </ClCompile>
    <ClCompile Include="interface\InstallerIml.cpp">
      <Filter>interface</Filter>
    </ClCompile>
    <ClCompile Include="interface\StreamWindow.cpp">
      <Filter>interface</Filter>
    </ClCompile>
    <ClCompile Include="interface\TempVideoConfig.cpp">
      <Filter>interface</Filter>
    </ClCompile>
  </ItemGroup>
  <ItemGroup>
    <None Include="InstallHelper.def">
      <Filter>Source Files</Filter>
    </None>
    <None Include="codecstate.bin">
      <Filter>Resource Files</Filter>
    </None>
  </ItemGroup>
  <ItemGroup>
    <ClInclude Include="InstallHelper.h">
      <Filter>Header Files</Filter>
    </ClInclude>
    <ClInclude Include="resource.h">
      <Filter>Header Files</Filter>
    </ClInclude>
    <ClInclude Include="stdafx.h">
      <Filter>Header Files</Filter>
    </ClInclude>
    <ClInclude Include="interface\FrameRender.h">
      <Filter>interface</Filter>
    </ClInclude>
    <ClInclude Include="interface\IInstaller.h">
      <Filter>interface</Filter>
    </ClInclude>
    <ClInclude Include="interface\InstallerIml.h">
      <Filter>interface</Filter>
    </ClInclude>
    <ClInclude Include="interface\StreamWindow.h">
      <Filter>interface</Filter>
    </ClInclude>
    <ClInclude Include="interface\TempVideoConfig.h">
      <Filter>interface</Filter>
    </ClInclude>
  </ItemGroup>
  <ItemGroup>
    <ResourceCompile Include="InstallHelper.rc">
      <Filter>Resource Files</Filter>
    </ResourceCompile>
  </ItemGroup>
</Project>