<?xml version="1.0" encoding="utf-8"?>
<Project ToolsVersion="4.0" xmlns="http://schemas.microsoft.com/developer/msbuild/2003">
  <ItemGroup>
    <Filter Include="Source Files">
      <UniqueIdentifier>{4FC737F1-C7A5-4376-A066-2A32D752A2FF}</UniqueIdentifier>
      <Extensions>cpp;c;cxx;def;odl;idl;hpj;bat;asm;asmx</Extensions>
    </Filter>
    <Filter Include="Header Files">
      <UniqueIdentifier>{93995380-89BD-4b04-88EB-625FBE52EBFB}</UniqueIdentifier>
      <Extensions>h;hpp;hxx;hm;inl;inc;xsd</Extensions>
    </Filter>
    <Filter Include="Resource Files">
      <UniqueIdentifier>{67DA6AB6-F800-4c08-8B7A-83BB121AAD01}</UniqueIdentifier>
      <Extensions>rc;ico;cur;bmp;dlg;rc2;rct;bin;rgs;gif;jpg;jpeg;jpe;resx</Extensions>
    </Filter>
    <Filter Include="Dump">
      <UniqueIdentifier>{455fb2ec-40c2-4040-80ff-39aa9272ddd8}</UniqueIdentifier>
    </Filter>
    <Filter Include="HtmlLog">
      <UniqueIdentifier>{aebd54da-74d4-4427-ab62-7d62d962b629}</UniqueIdentifier>
    </Filter>
    <Filter Include="TabViews">
      <UniqueIdentifier>{c64a88e1-0ab2-4800-86f1-c707e36f40d4}</UniqueIdentifier>
    </Filter>
    <Filter Include="UT">
      <UniqueIdentifier>{f7ea5f51-c795-4c30-818d-69dfc5ce7146}</UniqueIdentifier>
    </Filter>
    <Filter Include="extension">
      <UniqueIdentifier>{29561b4f-94cd-4103-b9f3-03c2583664a4}</UniqueIdentifier>
    </Filter>
  </ItemGroup>
  <ItemGroup>
    <ClCompile Include="CSLauncher.cpp">
      <Filter>Source Files</Filter>
    </ClCompile>
    <ClCompile Include="LauncherDoc.cpp">
      <Filter>Source Files</Filter>
    </ClCompile>
    <ClCompile Include="MainFrm.cpp">
      <Filter>Source Files</Filter>
    </ClCompile>
    <ClCompile Include="stdafx.cpp">
      <Filter>Source Files</Filter>
    </ClCompile>
    <ClCompile Include="HtmlLog\CyclicLog.cpp">
      <Filter>HtmlLog</Filter>
    </ClCompile>
    <ClCompile Include="HtmlLog\HtmlLog.cpp">
      <Filter>HtmlLog</Filter>
    </ClCompile>
    <ClCompile Include="TabViews\DebugOuputList.cpp">
      <Filter>TabViews</Filter>
    </ClCompile>
    <ClCompile Include="TabViews\LauncherView.cpp">
      <Filter>TabViews</Filter>
    </ClCompile>
    <ClCompile Include="TabViews\SettingsView.cpp">
      <Filter>TabViews</Filter>
    </ClCompile>
    <ClCompile Include="TabViews\SimpleLog.cpp">
      <Filter>TabViews</Filter>
    </ClCompile>
    <ClCompile Include="TabViews\TabSelection.cpp">
      <Filter>TabViews</Filter>
    </ClCompile>
    <ClCompile Include="Ut\OXCalendar.cpp">
      <Filter>UT</Filter>
    </ClCompile>
    <ClCompile Include="Ut\OXCalendarPopup.cpp">
      <Filter>UT</Filter>
    </ClCompile>
    <ClCompile Include="Ut\OXColorPickerCtrl.cpp">
      <Filter>UT</Filter>
    </ClCompile>
    <ClCompile Include="Ut\OXHookWnd.cpp">
      <Filter>UT</Filter>
    </ClCompile>
    <ClCompile Include="Ut\OXItemTip.cpp">
      <Filter>UT</Filter>
    </ClCompile>
    <ClCompile Include="Ut\OXItemTipWnd.cpp">
      <Filter>UT</Filter>
    </ClCompile>
    <ClCompile Include="Ut\OXLayoutManager.cpp">
      <Filter>UT</Filter>
    </ClCompile>
    <ClCompile Include="Ut\OXPopupBarCtrl.cpp">
      <Filter>UT</Filter>
    </ClCompile>
    <ClCompile Include="Ut\OXToolTipCtrl.cpp">
      <Filter>UT</Filter>
    </ClCompile>
    <ClCompile Include="Ut\OXTreeCal.cpp">
      <Filter>UT</Filter>
    </ClCompile>
    <ClCompile Include="Ut\OXTreeCombo.cpp">
      <Filter>UT</Filter>
    </ClCompile>
    <ClCompile Include="Ut\OXTreeCtrl.cpp">
      <Filter>UT</Filter>
    </ClCompile>
    <ClCompile Include="Ut\OXTreeEdit.cpp">
      <Filter>UT</Filter>
    </ClCompile>
    <ClCompile Include="Ut\OXTreeHeader.cpp">
      <Filter>UT</Filter>
    </ClCompile>
    <ClCompile Include="Ut\OXTreeItem.cpp">
      <Filter>UT</Filter>
    </ClCompile>
    <ClCompile Include="extension\CommandOption.cpp">
      <Filter>extension</Filter>
    </ClCompile>
    <ClCompile Include="extension\DVRLauncherDoc.cpp">
      <Filter>extension</Filter>
    </ClCompile>
  </ItemGroup>
  <ItemGroup>
    <ClInclude Include="CSLauncher.h">
      <Filter>Header Files</Filter>
    </ClInclude>
    <ClInclude Include="LauncherDoc.h">
      <Filter>Header Files</Filter>
    </ClInclude>
    <ClInclude Include="MainFrm.h">
      <Filter>Header Files</Filter>
    </ClInclude>
    <ClInclude Include="res\resource.h">
      <Filter>Header Files</Filter>
    </ClInclude>
    <ClInclude Include="resource.h">
      <Filter>Header Files</Filter>
    </ClInclude>
    <ClInclude Include="stdafx.h">
      <Filter>Header Files</Filter>
    </ClInclude>
    <ClInclude Include="HtmlLog\CyclicLog.h">
      <Filter>HtmlLog</Filter>
    </ClInclude>
    <ClInclude Include="HtmlLog\HtmlLog.h">
      <Filter>HtmlLog</Filter>
    </ClInclude>
    <ClInclude Include="TabViews\DebugOuputList.h">
      <Filter>TabViews</Filter>
    </ClInclude>
    <ClInclude Include="TabViews\LauncherView.h">
      <Filter>TabViews</Filter>
    </ClInclude>
    <ClInclude Include="TabViews\SettingsView.h">
      <Filter>TabViews</Filter>
    </ClInclude>
    <ClInclude Include="TabViews\SimpleLog.h">
      <Filter>TabViews</Filter>
    </ClInclude>
    <ClInclude Include="TabViews\TabSelection.h">
      <Filter>TabViews</Filter>
    </ClInclude>
    <ClInclude Include="extension\CommandOption.h">
      <Filter>extension</Filter>
    </ClInclude>
    <ClInclude Include="extension\DVRLauncherDoc.h">
      <Filter>extension</Filter>
    </ClInclude>
  </ItemGroup>
  <ItemGroup>
    <Image Include="res\CSLauncher.ico">
      <Filter>Resource Files</Filter>
    </Image>
    <Image Include="res\CSLauncherDoc.ico">
      <Filter>Resource Files</Filter>
    </Image>
    <Image Include="res\Toolbar.bmp">
      <Filter>Resource Files</Filter>
    </Image>
  </ItemGroup>
  <ItemGroup>
    <ResourceCompile Include="res\CSLauncher.rc">
      <Filter>Resource Files</Filter>
    </ResourceCompile>
  </ItemGroup>
  <ItemGroup>
    <None Include="res\CSLauncher.rc2">
      <Filter>Resource Files</Filter>
    </None>
  </ItemGroup>
  <ItemGroup>
    <CustomBuild Include="res\CSLauncher.manifest" />
  </ItemGroup>
</Project>